// !$*UTF8*$!
{
	archiveVersion = 1;
	classes = {
	};
	objectVersion = 56;
	objects = {

/* Begin PBXBuildFile section */
		E20000010000000000000001 /* YOLOEDemoApp.swift in Sources */ = {isa = PBXBuildFile; fileRef = E20000020000000000000001 /* YOLOEDemoApp.swift */; };
		E20000010000000000000002 /* ContentView.swift in Sources */ = {isa = PBXBuildFile; fileRef = E20000020000000000000002 /* ContentView.swift */; };
		E20000010000000000000003 /* CLIPTokenizer.swift in Sources */ = {isa = PBXBuildFile; fileRef = E20000020000000000000003 /* CLIPTokenizer.swift */; };
		E20000010000000000000004 /* Assets.xcassets in Resources */ = {isa = PBXBuildFile; fileRef = E20000020000000000000004 /* Assets.xcassets */; };
		E20000010000000000000005 /* yoloe_detector.mlpackage in Sources */ = {isa = PBXBuildFile; fileRef = E20000020000000000000005 /* yoloe_detector.mlpackage */; };
		E20000010000000000000006 /* mobileclip_blt_text.mlpackage in Sources */ = {isa = PBXBuildFile; fileRef = E20000020000000000000006 /* mobileclip_blt_text.mlpackage */; };
		E20000010000000000000009 /* reprta.mlpackage in Sources */ = {isa = PBXBuildFile; fileRef = E20000020000000000000009 /* reprta.mlpackage */; };
		E2000001000000000000000A /* visual_prompt_encoder.mlpackage in Sources */ = {isa = PBXBuildFile; fileRef = E2000002000000000000000A /* visual_prompt_encoder.mlpackage */; };
		E20000010000000000000007 /* clip_vocab.json in Resources */ = {isa = PBXBuildFile; fileRef = E20000020000000000000007 /* clip_vocab.json */; };
		E2000001000000000000000B /* SamSession.swift in Sources */ = {isa = PBXBuildFile; fileRef = E2000002000000000000000B /* SamSession.swift */; };
		E2000001000000000000000C /* Preprocessor.swift in Sources */ = {isa = PBXBuildFile; fileRef = E2000002000000000000000C /* Preprocessor.swift */; };
		E2000001000000000000000D /* PromptEncoder.swift in Sources */ = {isa = PBXBuildFile; fileRef = E2000002000000000000000D /* PromptEncoder.swift */; };
		E2000001000000000000000E /* Postprocessor.swift in Sources */ = {isa = PBXBuildFile; fileRef = E2000002000000000000000E /* Postprocessor.swift */; };
		E2000001000000000000000F /* mobile_sam_encoder.mlpackage in Sources */ = {isa = PBXBuildFile; fileRef = E2000002000000000000000F /* mobile_sam_encoder.mlpackage */; };
		E20000010000000000000011 /* mobile_sam_decoder.mlpackage in Sources */ = {isa = PBXBuildFile; fileRef = E20000020000000000000011 /* mobile_sam_decoder.mlpackage */; };
		E20000010000000000000013 /* mobile_sam_prompt_encoder_weights.json in Resources */ = {isa = PBXBuildFile; fileRef = E20000020000000000000013 /* mobile_sam_prompt_encoder_weights.json */; };
/* End PBXBuildFile section */

/* Begin PBXFileReference section */
		E20000020000000000000001 /* YOLOEDemoApp.swift */ = {isa = PBXFileReference; lastKnownFileType = sourcecode.swift; path = YOLOEDemoApp.swift; sourceTree = "<group>"; };
		E20000020000000000000002 /* ContentView.swift */ = {isa = PBXFileReference; lastKnownFileType = sourcecode.swift; path = ContentView.swift; sourceTree = "<group>"; };
		E20000020000000000000003 /* CLIPTokenizer.swift */ = {isa = PBXFileReference; lastKnownFileType = sourcecode.swift; path = CLIPTokenizer.swift; sourceTree = "<group>"; };
		E20000020000000000000004 /* Assets.xcassets */ = {isa = PBXFileReference; lastKnownFileType = folder.assetcatalog; path = Assets.xcassets; sourceTree = "<group>"; };
		E20000020000000000000005 /* yoloe_detector.mlpackage */ = {isa = PBXFileReference; lastKnownFileType = folder.mlpackage; path = yoloe_detector.mlpackage; sourceTree = "<group>"; };
		E20000020000000000000006 /* mobileclip_blt_text.mlpackage */ = {isa = PBXFileReference; lastKnownFileType = folder.mlpackage; path = mobileclip_blt_text.mlpackage; sourceTree = "<group>"; };
		E20000020000000000000009 /* reprta.mlpackage */ = {isa = PBXFileReference; lastKnownFileType = folder.mlpackage; path = reprta.mlpackage; sourceTree = "<group>"; };
		E2000002000000000000000A /* visual_prompt_encoder.mlpackage */ = {isa = PBXFileReference; lastKnownFileType = folder.mlpackage; path = visual_prompt_encoder.mlpackage; sourceTree = "<group>"; };
		E20000020000000000000007 /* clip_vocab.json */ = {isa = PBXFileReference; lastKnownFileType = text.json; path = clip_vocab.json; sourceTree = "<group>"; };
		E20000020000000000000008 /* Info.plist */ = {isa = PBXFileReference; lastKnownFileType = text.plist.xml; path = Info.plist; sourceTree = "<group>"; };
		E2000002000000000000000B /* SamSession.swift */ = {isa = PBXFileReference; lastKnownFileType = sourcecode.swift; path = SAMKit/SamSession.swift; sourceTree = "<group>"; };
		E2000002000000000000000C /* Preprocessor.swift */ = {isa = PBXFileReference; lastKnownFileType = sourcecode.swift; path = SAMKit/Preprocessor.swift; sourceTree = "<group>"; };
		E2000002000000000000000D /* PromptEncoder.swift */ = {isa = PBXFileReference; lastKnownFileType = sourcecode.swift; path = SAMKit/PromptEncoder.swift; sourceTree = "<group>"; };
		E2000002000000000000000E /* Postprocessor.swift */ = {isa = PBXFileReference; lastKnownFileType = sourcecode.swift; path = SAMKit/Postprocessor.swift; sourceTree = "<group>"; };
		E2000002000000000000000F /* mobile_sam_encoder.mlpackage */ = {isa = PBXFileReference; lastKnownFileType = folder.mlpackage; path = mobile_sam_encoder.mlpackage; sourceTree = "<group>"; };
		E20000020000000000000011 /* mobile_sam_decoder.mlpackage */ = {isa = PBXFileReference; lastKnownFileType = folder.mlpackage; path = mobile_sam_decoder.mlpackage; sourceTree = "<group>"; };
		E20000020000000000000013 /* mobile_sam_prompt_encoder_weights.json */ = {isa = PBXFileReference; lastKnownFileType = text.json; path = mobile_sam_prompt_encoder_weights.json; sourceTree = "<group>"; };
		E20000020000000000000010 /* YOLOEDemo.app */ = {isa = PBXFileReference; explicitFileType = wrapper.application; includeInIndex = 0; path = YOLOEDemo.app; sourceTree = BUILT_PRODUCTS_DIR; };
/* End PBXFileReference section */

/* Begin PBXFrameworksBuildPhase section */
		E20000030000000000000001 /* Frameworks */ = { isa = PBXFrameworksBuildPhase; buildActionMask = 2147483647; files = (); runOnlyForDeploymentPostprocessing = 0; };
/* End PBXFrameworksBuildPhase section */

/* Begin PBXGroup section */
		E20000040000000000000001 = { isa = PBXGroup; children = (E20000040000000000000002, E20000040000000000000003); sourceTree = "<group>"; };
		E20000040000000000000002 /* YOLOEDemo */ = { isa = PBXGroup; children = (E20000020000000000000001, E20000020000000000000002, E20000020000000000000003, E2000002000000000000000B, E2000002000000000000000C, E2000002000000000000000D, E2000002000000000000000E, E20000020000000000000005, E20000020000000000000006, E20000020000000000000009, E2000002000000000000000A, E2000002000000000000000F, E20000020000000000000011, E20000020000000000000007, E20000020000000000000013, E20000020000000000000004, E20000020000000000000008); path = YOLOEDemo; sourceTree = "<group>"; };
		E20000040000000000000003 /* Products */ = { isa = PBXGroup; children = (E20000020000000000000010); name = Products; sourceTree = "<group>"; };
/* End PBXGroup section */

/* Begin PBXNativeTarget section */
		E20000050000000000000001 /* YOLOEDemo */ = { isa = PBXNativeTarget; buildConfigurationList = E20000070000000000000001; buildPhases = (E20000060000000000000001, E20000030000000000000001, E20000060000000000000002); buildRules = (); dependencies = (); name = YOLOEDemo; productName = YOLOEDemo; productReference = E20000020000000000000010; productType = "com.apple.product-type.application"; };
/* End PBXNativeTarget section */

/* Begin PBXProject section */
		E20000080000000000000001 /* Project object */ = { isa = PBXProject; attributes = { BuildIndependentTargetsInParallel = 1; LastSwiftUpdateCheck = 1500; LastUpgradeCheck = 1500; TargetAttributes = { E20000050000000000000001 = { CreatedOnToolsVersion = 15.0; }; }; }; buildConfigurationList = E20000070000000000000003; compatibilityVersion = "Xcode 14.0"; developmentRegion = en; hasScannedForEncodings = 0; knownRegions = (en, Base); mainGroup = E20000040000000000000001; productRefGroup = E20000040000000000000003; projectDirPath = ""; projectRoot = ""; targets = (E20000050000000000000001); };
/* End PBXProject section */

/* Begin PBXResourcesBuildPhase section */
		E20000060000000000000002 /* Resources */ = { isa = PBXResourcesBuildPhase; buildActionMask = 2147483647; files = (E20000010000000000000004, E20000010000000000000007, E20000010000000000000013); runOnlyForDeploymentPostprocessing = 0; };
/* End PBXResourcesBuildPhase section */

/* Begin PBXSourcesBuildPhase section */
		E20000060000000000000001 /* Sources */ = { isa = PBXSourcesBuildPhase; buildActionMask = 2147483647; files = (E20000010000000000000001, E20000010000000000000002, E20000010000000000000003, E2000001000000000000000B, E2000001000000000000000C, E2000001000000000000000D, E2000001000000000000000E, E20000010000000000000005, E20000010000000000000006, E20000010000000000000009, E2000001000000000000000A, E2000001000000000000000F, E20000010000000000000011); runOnlyForDeploymentPostprocessing = 0; };
/* End PBXSourcesBuildPhase section */

/* Begin XCBuildConfiguration section */
		E20000090000000000000001 /* Debug */ = { isa = XCBuildConfiguration; buildSettings = { ALWAYS_SEARCH_USER_PATHS = NO; ASSETCATALOG_COMPILER_GENERATE_SWIFT_ASSET_SYMBOL_EXTENSIONS = YES; CLANG_ANALYZER_NONNULL = YES; CLANG_ANALYZER_NUMBER_OBJECT_CONVERSION = YES_AGGRESSIVE; CLANG_CXX_LANGUAGE_STANDARD = "gnu++20"; CLANG_ENABLE_MODULES = YES; CLANG_ENABLE_OBJC_ARC = YES; CLANG_ENABLE_OBJC_WEAK = YES; CLANG_WARN_BLOCK_CAPTURE_AUTORELEASING = YES; CLANG_WARN_BOOL_CONVERSION = YES; CLANG_WARN_COMMA = YES; CLANG_WARN_CONSTANT_CONVERSION = YES; CLANG_WARN_DEPRECATED_OBJC_IMPLEMENTATIONS = YES; CLANG_WARN_DIRECT_OBJC_ISA_USAGE = YES_ERROR; CLANG_WARN_DOCUMENTATION_COMMENTS = YES; CLANG_WARN_EMPTY_BODY = YES; CLANG_WARN_ENUM_CONVERSION = YES; CLANG_WARN_INFINITE_RECURSION = YES; CLANG_WARN_INT_CONVERSION = YES; CLANG_WARN_NON_LITERAL_NULL_CONVERSION = YES; CLANG_WARN_OBJC_IMPLICIT_RETAIN_SELF = YES; CLANG_WARN_OBJC_LITERAL_CONVERSION = YES; CLANG_WARN_OBJC_ROOT_CLASS = YES_ERROR; CLANG_WARN_QUOTED_INCLUDE_IN_FRAMEWORK_HEADER = YES; CLANG_WARN_RANGE_LOOP_ANALYSIS = YES; CLANG_WARN_STRICT_PROTOTYPES = YES; CLANG_WARN_SUSPICIOUS_MOVE = YES; CLANG_WARN_UNGUARDED_AVAILABILITY = YES_AGGRESSIVE; CLANG_WARN_UNREACHABLE_CODE = YES; CLANG_WARN__DUPLICATE_METHOD_MATCH = YES; COPY_PHASE_STRIP = NO; DEBUG_INFORMATION_FORMAT = dwarf; ENABLE_STRICT_OBJC_MSGSEND = YES; ENABLE_TESTABILITY = YES; ENABLE_USER_SCRIPT_SANDBOXING = YES; GCC_C_LANGUAGE_STANDARD = gnu17; GCC_DYNAMIC_NO_PIC = NO; GCC_NO_COMMON_BLOCKS = YES; GCC_OPTIMIZATION_LEVEL = 0; GCC_PREPROCESSOR_DEFINITIONS = ("DEBUG=1", "$(inherited)"); GCC_WARN_64_TO_32_BIT_CONVERSION = YES; GCC_WARN_ABOUT_RETURN_TYPE = YES_ERROR; GCC_WARN_UNDECLARED_SELECTOR = YES; GCC_WARN_UNINITIALIZED_AUTOS = YES_AGGRESSIVE; GCC_WARN_UNUSED_FUNCTION = YES; GCC_WARN_UNUSED_VARIABLE = YES; IPHONEOS_DEPLOYMENT_TARGET = 16.0; MTL_ENABLE_DEBUG_INFO = INCLUDE_SOURCE; MTL_FAST_MATH = YES; ONLY_ACTIVE_ARCH = YES; SDKROOT = iphoneos; SWIFT_ACTIVE_COMPILATION_CONDITIONS = "DEBUG $(inherited)"; SWIFT_OPTIMIZATION_LEVEL = "-Onone"; }; name = Debug; };
		E20000090000000000000002 /* Release */ = { isa = XCBuildConfiguration; buildSettings = { ALWAYS_SEARCH_USER_PATHS = NO; ASSETCATALOG_COMPILER_GENERATE_SWIFT_ASSET_SYMBOL_EXTENSIONS = YES; CLANG_ANALYZER_NONNULL = YES; CLANG_ANALYZER_NUMBER_OBJECT_CONVERSION = YES_AGGRESSIVE; CLANG_CXX_LANGUAGE_STANDARD = "gnu++20"; CLANG_ENABLE_MODULES = YES; CLANG_ENABLE_OBJC_ARC = YES; CLANG_ENABLE_OBJC_WEAK = YES; CLANG_WARN_BLOCK_CAPTURE_AUTORELEASING = YES; CLANG_WARN_BOOL_CONVERSION = YES; CLANG_WARN_COMMA = YES; CLANG_WARN_CONSTANT_CONVERSION = YES; CLANG_WARN_DEPRECATED_OBJC_IMPLEMENTATIONS = YES; CLANG_WARN_DIRECT_OBJC_ISA_USAGE = YES_ERROR; CLANG_WARN_DOCUMENTATION_COMMENTS = YES; CLANG_WARN_EMPTY_BODY = YES; CLANG_WARN_ENUM_CONVERSION = YES; CLANG_WARN_INFINITE_RECURSION = YES; CLANG_WARN_INT_CONVERSION = YES; CLANG_WARN_NON_LITERAL_NULL_CONVERSION = YES; CLANG_WARN_OBJC_IMPLICIT_RETAIN_SELF = YES; CLANG_WARN_OBJC_LITERAL_CONVERSION = YES; CLANG_WARN_OBJC_ROOT_CLASS = YES_ERROR; CLANG_WARN_QUOTED_INCLUDE_IN_FRAMEWORK_HEADER = YES; CLANG_WARN_RANGE_LOOP_ANALYSIS = YES; CLANG_WARN_STRICT_PROTOTYPES = YES; CLANG_WARN_SUSPICIOUS_MOVE = YES; CLANG_WARN_UNGUARDED_AVAILABILITY = YES_AGGRESSIVE; CLANG_WARN_UNREACHABLE_CODE = YES; CLANG_WARN__DUPLICATE_METHOD_MATCH = YES; COPY_PHASE_STRIP = NO; DEBUG_INFORMATION_FORMAT = "dwarf-with-dsym"; ENABLE_NS_ASSERTIONS = NO; ENABLE_STRICT_OBJC_MSGSEND = YES; ENABLE_USER_SCRIPT_SANDBOXING = YES; GCC_C_LANGUAGE_STANDARD = gnu17; GCC_NO_COMMON_BLOCKS = YES; GCC_WARN_64_TO_32_BIT_CONVERSION = YES; GCC_WARN_ABOUT_RETURN_TYPE = YES_ERROR; GCC_WARN_UNDECLARED_SELECTOR = YES; GCC_WARN_UNINITIALIZED_AUTOS = YES_AGGRESSIVE; GCC_WARN_UNUSED_FUNCTION = YES; GCC_WARN_UNUSED_VARIABLE = YES; IPHONEOS_DEPLOYMENT_TARGET = 16.0; MTL_ENABLE_DEBUG_INFO = NO; MTL_FAST_MATH = YES; SDKROOT = iphoneos; SWIFT_COMPILATION_MODE = wholemodule; VALIDATE_PRODUCT = YES; }; name = Release; };
		E20000090000000000000003 /* Debug */ = { isa = XCBuildConfiguration; buildSettings = { ASSETCATALOG_COMPILER_APPICON_NAME = AppIcon; ASSETCATALOG_COMPILER_GLOBAL_ACCENT_COLOR_NAME = AccentColor; CODE_SIGN_STYLE = Automatic; CURRENT_PROJECT_VERSION = 1; DEVELOPMENT_TEAM = MFN25KNUGJ; ENABLE_PREVIEWS = YES; GENERATE_INFOPLIST_FILE = YES; INFOPLIST_FILE = YOLOEDemo/Info.plist; INFOPLIST_KEY_NSCameraUsageDescription = "Camera access is needed for real-time object detection."; INFOPLIST_KEY_UIApplicationSceneManifest_Generation = YES; INFOPLIST_KEY_UIApplicationSupportsIndirectInputEvents = YES; INFOPLIST_KEY_UILaunchScreen_Generation = YES; INFOPLIST_KEY_UISupportedInterfaceOrientations_iPad = "UIInterfaceOrientationPortrait UIInterfaceOrientationPortraitUpsideDown UIInterfaceOrientationLandscapeLeft UIInterfaceOrientationLandscapeRight"; INFOPLIST_KEY_UISupportedInterfaceOrientations_iPhone = "UIInterfaceOrientationPortrait"; LD_RUNPATH_SEARCH_PATHS = ("$(inherited)", "@executable_path/Frameworks"); MARKETING_VERSION = 1.0; PRODUCT_BUNDLE_IDENTIFIER = "com.coreml-models.yoloedemo"; PRODUCT_NAME = "$(TARGET_NAME)"; SWIFT_EMIT_LOC_STRINGS = YES; SWIFT_VERSION = 5.0; TARGETED_DEVICE_FAMILY = "1,2"; }; name = Debug; };
		E20000090000000000000004 /* Release */ = { isa = XCBuildConfiguration; buildSettings = { ASSETCATALOG_COMPILER_APPICON_NAME = AppIcon; ASSETCATALOG_COMPILER_GLOBAL_ACCENT_COLOR_NAME = AccentColor; CODE_SIGN_STYLE = Automatic; CURRENT_PROJECT_VERSION = 1; DEVELOPMENT_TEAM = MFN25KNUGJ; ENABLE_PREVIEWS = YES; GENERATE_INFOPLIST_FILE = YES; INFOPLIST_FILE = YOLOEDemo/Info.plist; INFOPLIST_KEY_NSCameraUsageDescription = "Camera access is needed for real-time object detection."; INFOPLIST_KEY_UIApplicationSceneManifest_Generation = YES; INFOPLIST_KEY_UIApplicationSupportsIndirectInputEvents = YES; INFOPLIST_KEY_UILaunchScreen_Generation = YES; INFOPLIST_KEY_UISupportedInterfaceOrientations_iPad = "UIInterfaceOrientationPortrait UIInterfaceOrientationPortraitUpsideDown UIInterfaceOrientationLandscapeLeft UIInterfaceOrientationLandscapeRight"; INFOPLIST_KEY_UISupportedInterfaceOrientations_iPhone = "UIInterfaceOrientationPortrait"; LD_RUNPATH_SEARCH_PATHS = ("$(inherited)", "@executable_path/Frameworks"); MARKETING_VERSION = 1.0; PRODUCT_BUNDLE_IDENTIFIER = "com.coreml-models.yoloedemo"; PRODUCT_NAME = "$(TARGET_NAME)"; SWIFT_EMIT_LOC_STRINGS = YES; SWIFT_VERSION = 5.0; TARGETED_DEVICE_FAMILY = "1,2"; }; name = Release; };
/* End XCBuildConfiguration section */

/* Begin XCConfigurationList section */
		E20000070000000000000001 = { isa = XCConfigurationList; buildConfigurations = (E20000090000000000000003, E20000090000000000000004); defaultConfigurationIsVisible = 0; defaultConfigurationName = Release; };
		E20000070000000000000003 = { isa = XCConfigurationList; buildConfigurations = (E20000090000000000000001, E20000090000000000000002); defaultConfigurationIsVisible = 0; defaultConfigurationName = Release; };
/* End XCConfigurationList section */
	};
	rootObject = E20000080000000000000001 /* Project object */;
}
